# THIS IS AN AUTOGENERATED FILE. DO NOT EDIT THIS FILE DIRECTLY.
# yarn lockfile v1


"@types/estree@0.0.39":
  version "0.0.39"
  resolved "https://registry.yarnpkg.com/@types/estree/-/estree-0.0.39.tgz#e177e699ee1b8c22d23174caaa7422644389509f"
  integrity sha512-EYNwp3bU+98cpU4lAWYYL7Zz+2gryWH1qbdDTidVd6hkiR6weksdbMadyXKXNPEkQFhXM+hVO9ZygomHXp+AIw==

"@types/node@^12.0.8":
  version "12.0.8"
  resolved "https://registry.yarnpkg.com/@types/node/-/node-12.0.8.tgz#551466be11b2adc3f3d47156758f610bd9f6b1d8"
  integrity sha512-b8bbUOTwzIY3V5vDTY1fIJ+ePKDUBqt2hC2woVGotdQQhG/2Sh62HOKHrT7ab+VerXAcPyAiTEipPu/FsreUtg==

acorn@^6.1.1:
  version "6.4.1"
  resolved "https://registry.yarnpkg.com/acorn/-/acorn-6.4.1.tgz#531e58ba3f51b9dacb9a6646ca4debf5b14ca474"
  integrity sha512-ZVA9k326Nwrj3Cj9jlh3wGFutC2ZornPNARZwsNYqQYgN0EsV2d53w5RN/co65Ohn4sUAUtb1rSUAOD6XN9idA==

esm@^3.2.25:
  version "3.2.25"
  resolved "https://registry.yarnpkg.com/esm/-/esm-3.2.25.tgz#342c18c29d56157688ba5ce31f8431fbb795cc10"
  integrity sha512-U1suiZ2oDVWv4zPO56S0NcR5QriEahGtdN2OR6FiOG4WJvcjBVFB0qI4+eKoWFH483PKGuLuu6V8Z4T5g63UVA==

rollup@^1.15.6:
  version "1.15.6"
  resolved "https://registry.yarnpkg.com/rollup/-/rollup-1.15.6.tgz#caf0ed28d2d78e3a59c1398e5a3695fb600a0ef0"
  integrity sha512-s3Vn3QJQ5YVFfIG4nXoG9VdL1I37IZsft+4ZyeBhxE0df1kCFz9e+4bEAbR4mKH3pvBO9e9xjdxWPhhIp0r9ow==
  dependencies:
    "@types/estree" "0.0.39"
    "@types/node" "^12.0.8"
    acorn "^6.1.1"
